
Microsoft Visual Studio Solution File, Format Version 12.00
# Visual Studio Version 16
VisualStudioVersion = 16.0.31911.196
MinimumVisualStudioVersion = 10.0.40219.1
Project("{9A19103F-16F7-4668-BE54-9A1E7A4F7556}") = "Cliente", "DPT\Cliente.csproj", "{09E1F5FC-C104-4330-BDE1-D1FB3B19CA45}"
EndProject
Project("{9A19103F-16F7-4668-BE54-9A1E7A4F7556}") = "PatronesDeDiseño", "Singleton\PatronesDeDiseño.csproj", "{73B8D3A4-B50F-4754-8145-C1979AB1E1EF}"
EndProject
Project("{FAE04EC0-301F-11D3-BF4B-00C04F79EFBC}") = "NetIntermedio", "NetIntermedio\NetIntermedio.csproj", "{99D7B09A-C0FE-489D-97B9-597DE961E3EF}"
EndProject
Global
	GlobalSection(SolutionConfigurationPlatforms) = preSolution
		Debug|Any CPU = Debug|Any CPU
		Release|Any CPU = Release|Any CPU
	EndGlobalSection
	GlobalSection(ProjectConfigurationPlatforms) = postSolution
		{09E1F5FC-C104-4330-BDE1-D1FB3B19CA45}.Debug|Any CPU.ActiveCfg = Debug|Any CPU
		{09E1F5FC-C104-4330-BDE1-D1FB3B19CA45}.Debug|Any CPU.Build.0 = Debug|Any CPU
		{09E1F5FC-C104-4330-BDE1-D1FB3B19CA45}.Release|Any CPU.ActiveCfg = Release|Any CPU
		{09E1F5FC-C104-4330-BDE1-D1FB3B19CA45}.Release|Any CPU.Build.0 = Release|Any CPU
		{73B8D3A4-B50F-4754-8145-C1979AB1E1EF}.Debug|Any CPU.ActiveCfg = Debug|Any CPU
		{73B8D3A4-B50F-4754-8145-C1979AB1E1EF}.Debug|Any CPU.Build.0 = Debug|Any CPU
		{73B8D3A4-B50F-4754-8145-C1979AB1E1EF}.Release|Any CPU.ActiveCfg = Release|Any CPU
		{73B8D3A4-B50F-4754-8145-C1979AB1E1EF}.Release|Any CPU.Build.0 = Release|Any CPU
		{99D7B09A-C0FE-489D-97B9-597DE961E3EF}.Debug|Any CPU.ActiveCfg = Debug|Any CPU
		{99D7B09A-C0FE-489D-97B9-597DE961E3EF}.Debug|Any CPU.Build.0 = Debug|Any CPU
		{99D7B09A-C0FE-489D-97B9-597DE961E3EF}.Release|Any CPU.ActiveCfg = Release|Any CPU
		{99D7B09A-C0FE-489D-97B9-597DE961E3EF}.Release|Any CPU.Build.0 = Release|Any CPU
	EndGlobalSection
	GlobalSection(SolutionProperties) = preSolution
		HideSolutionNode = FALSE
	EndGlobalSection
	GlobalSection(ExtensibilityGlobals) = postSolution
		SolutionGuid = {BF6E693B-F7CD-4E70-A63A-EB1A188DCD57}
	EndGlobalSection
EndGlobal
